
Microsoft Visual Studio Solution File, Format Version 11.00
# Visual Studio 2010
Project("{FAE04EC0-301F-11D3-BF4B-00C04F79EFBC}") = "C# Assignment Project", "Assembly-CSharp.csproj", "{90ADB18B-9C45-BA29-8A7C-D467B574A62E}"
EndProject
Project("{FAE04EC0-301F-11D3-BF4B-00C04F79EFBC}") = "C# Assignment Project", "Assembly-CSharp-Editor.csproj", "{388F3AEE-9CB4-D665-5B8C-0ED3EF643A49}"
EndProject
Global
	GlobalSection(SolutionConfigurationPlatforms) = preSolution
		Debug|Any CPU = Debug|Any CPU
		Release|Any CPU = Release|Any CPU
	EndGlobalSection
	GlobalSection(ProjectConfigurationPlatforms) = postSolution
		{90ADB18B-9C45-BA29-8A7C-D467B574A62E}.Debug|Any CPU.ActiveCfg = Debug|Any CPU
		{90ADB18B-9C45-BA29-8A7C-D467B574A62E}.Debug|Any CPU.Build.0 = Debug|Any CPU
		{90ADB18B-9C45-BA29-8A7C-D467B574A62E}.Release|Any CPU.ActiveCfg = Release|Any CPU
		{90ADB18B-9C45-BA29-8A7C-D467B574A62E}.Release|Any CPU.Build.0 = Release|Any CPU
		{388F3AEE-9CB4-D665-5B8C-0ED3EF643A49}.Debug|Any CPU.ActiveCfg = Debug|Any CPU
		{388F3AEE-9CB4-D665-5B8C-0ED3EF643A49}.Debug|Any CPU.Build.0 = Debug|Any CPU
		{388F3AEE-9CB4-D665-5B8C-0ED3EF643A49}.Release|Any CPU.ActiveCfg = Release|Any CPU
		{388F3AEE-9CB4-D665-5B8C-0ED3EF643A49}.Release|Any CPU.Build.0 = Release|Any CPU
	EndGlobalSection
	GlobalSection(SolutionProperties) = preSolution
		HideSolutionNode = FALSE
	EndGlobalSection
	GlobalSection(MonoDevelopProperties) = preSolution
		StartupItem = Assembly-CSharp.csproj
	EndGlobalSection
EndGlobal
